{
  "version": 4,
  "terraform_version": "1.5.1",
  "serial": 20,
  "lineage": "af48f34b-8c7f-5159-0a95-26719318ba35",
  "outputs": {},
  "resources": [
    {
      "module": "module.bastion",
      "mode": "data",
      "type": "template_file",
      "name": "startup_script",
      "provider": "provider[\"registry.terraform.io/hashicorp/template\"]",
      "instances": [
        {
          "schema_version": 0,
          "attributes": {
            "filename": null,
            "id": "5342018eb1c9e1064c7484cc318ec9b657db7cf30d11973012b6b4bbdb6acad7",
            "rendered": "sudo apt-get update -y\nsudo apt-get install -y tinyproxy\n",
            "template": "sudo apt-get update -y\nsudo apt-get install -y tinyproxy\n",
            "vars": null
          },
          "sensitive_attributes": []
        }
      ]
    },
    {
      "module": "module.bastion",
      "mode": "managed",
      "type": "google_compute_firewall",
      "name": "bastion-ssh",
      "provider": "provider[\"registry.terraform.io/hashicorp/google\"]",
      "instances": [
        {
          "schema_version": 1,
          "attributes": {
            "allow": [
              {
                "ports": [
                  "22"
                ],
                "protocol": "tcp"
              }
            ],
            "creation_timestamp": "2023-07-12T15:23:06.129-07:00",
            "deny": [],
            "description": "",
            "destination_ranges": [],
            "direction": "INGRESS",
            "disabled": false,
            "enable_logging": null,
            "id": "projects/kim-hyebin/global/firewalls/app-cluster-bastion-ssh",
            "log_config": [],
            "name": "app-cluster-bastion-ssh",
            "network": "https://www.googleapis.com/compute/v1/projects/kim-hyebin/global/networks/network-pet-clinic",
            "priority": 1000,
            "project": "kim-hyebin",
            "self_link": "https://www.googleapis.com/compute/v1/projects/kim-hyebin/global/firewalls/app-cluster-bastion-ssh",
            "source_ranges": [
              "0.0.0.0/0"
            ],
            "source_service_accounts": [],
            "source_tags": [],
            "target_service_accounts": [],
            "target_tags": [
              "bastion"
            ],
            "timeouts": null
          },
          "sensitive_attributes": [],
          "private": "eyJlMmJmYjczMC1lY2FhLTExZTYtOGY4OC0zNDM2M2JjN2M0YzAiOnsiY3JlYXRlIjoyNDAwMDAwMDAwMDAsImRlbGV0ZSI6MjQwMDAwMDAwMDAwLCJ1cGRhdGUiOjI0MDAwMDAwMDAwMH0sInNjaGVtYV92ZXJzaW9uIjoiMSJ9",
          "dependencies": [
            "module.google_networks.google_compute_network.vpc"
          ]
        }
      ]
    },
    {
      "module": "module.bastion",
      "mode": "managed",
      "type": "google_compute_instance",
      "name": "bastion",
      "provider": "provider[\"registry.terraform.io/hashicorp/google\"]",
      "instances": []
    },
    {
      "module": "module.google_kubernetes_cluster",
      "mode": "managed",
      "type": "google_container_cluster",
      "name": "pet_clinic",
      "provider": "provider[\"registry.terraform.io/hashicorp/google\"]",
      "instances": [
        {
          "schema_version": 1,
          "attributes": {
            "addons_config": [
              {
                "cloudrun_config": [],
                "horizontal_pod_autoscaling": [],
                "http_load_balancing": [],
                "network_policy_config": [
                  {
                    "disabled": false
                  }
                ]
              }
            ],
            "authenticator_groups_config": [],
            "cluster_autoscaling": [
              {
                "auto_provisioning_defaults": [],
                "enabled": false,
                "resource_limits": []
              }
            ],
            "cluster_ipv4_cidr": "10.101.0.0/16",
            "database_encryption": [
              {
                "key_name": "",
                "state": "DECRYPTED"
              }
            ],
            "default_max_pods_per_node": 110,
            "description": "",
            "enable_binary_authorization": false,
            "enable_intranode_visibility": null,
            "enable_kubernetes_alpha": false,
            "enable_legacy_abac": false,
            "enable_shielded_nodes": false,
            "enable_tpu": null,
            "endpoint": "104.199.72.199",
            "id": "projects/kim-hyebin/locations/europe-west1/clusters/pet-clinic",
            "initial_node_count": 3,
            "instance_group_urls": [],
            "ip_allocation_policy": [
              {
                "cluster_ipv4_cidr_block": "10.101.0.0/16",
                "cluster_secondary_range_name": "gke-pet-clinic-pods-af3a4185",
                "services_ipv4_cidr_block": "10.102.0.0/16",
                "services_secondary_range_name": "gke-pet-clinic-services-af3a4185"
              }
            ],
            "label_fingerprint": "a9dc16a7",
            "location": "europe-west1",
            "logging_service": "logging.googleapis.com/kubernetes",
            "maintenance_policy": [
              {
                "daily_maintenance_window": [
                  {
                    "duration": "PT4H0M0S",
                    "start_time": "02:00"
                  }
                ],
                "maintenance_exclusion": [],
                "recurring_window": []
              }
            ],
            "master_auth": [
              {
                "client_certificate": "",
                "client_certificate_config": [
                  {
                    "issue_client_certificate": false
                  }
                ],
                "client_key": "",
                "cluster_ca_certificate": "LS0tLS1CRUdJTiBDRVJUSUZJQ0FURS0tLS0tCk1JSUVMRENDQXBTZ0F3SUJBZ0lRVUs4TGhwQVZUMi9ZMUNzMWJiWDkrakFOQmdrcWhraUc5dzBCQVFzRkFEQXYKTVMwd0t3WURWUVFERXlRek1UVm1ZVEJpTlMxa05EVmhMVFJoWlRBdE9EZGxPUzAzTkdRM1ptVmhPVEUzTWpVdwpJQmNOTWpNd056RXlNakUxTnpJeVdoZ1BNakExTXpBM01EUXlNalUzTWpKYU1DOHhMVEFyQmdOVkJBTVRKRE14Ck5XWmhNR0kxTFdRME5XRXROR0ZsTUMwNE4yVTVMVGMwWkRkbVpXRTVNVGN5TlRDQ0FhSXdEUVlKS29aSWh2Y04KQVFFQkJRQURnZ0dQQURDQ0FZb0NnZ0dCQUxJSG9MZzAvek8wZG1JeFc1Mzg0bE0renBJbEpRZFU3alRLTmlESApwM2hxQkJkb3pUVXRGNE5EL3I1Tys0QXJaMXNlUFZHV3BnaCtWTVNDbWpLK1M1a083TU0rQnBacjlYc0M1MG9CCkxSdWZyNDE2ekRJYXhZSHJqZmgvcTlrYkplVHJDbEFnQ3BHcy8xd1RCUG1RbEhaVnFqMTYxSm8yM3RONWErTmIKQUZBOFo2UC9mMi9HQzZJNysrMVVqckFNTklIZ0MrVW9LL0haWTJwVGdDR1h1eG4zczlRQ0hqWEc5YkRFZEQvUAozTGd5aHVvZCtKaHBpMTlCL0RYS3FjVTV5YnlSc01zQUlpMjM4RkJGOVZJZHh0L3Y5MVErUzhxeDNOMVlyeHdTCk1QTlVJbUdySlk5MmZlaTNiZnBjVSsxK0pVR2NlVVNHeXNEYXkwOVY0ZFdBQ2ozVHc2OGl0UnVwSG5PTk5GQzgKQjNKVmtrdS9sNEppMjRxdWxxRkRuZzk5T0UvV1Nrd3c3OTF5Y3RRU2dXY3ppanBES2cxUVN1SjB5dHNFUEdTcApVV1AzUTJuRGN5YmdkVmVHUzNOMFZmVmRYTFpzUWYzcVlnN1FWQ0l2NUNGRy9pdFA0VWl6NGlxa2d1clJxYTZ4CjA0NFFuWDkzMENSanpyOStFVzFjVlhjb3hRSURBUUFCbzBJd1FEQU9CZ05WSFE4QkFmOEVCQU1DQWdRd0R3WUQKVlIwVEFRSC9CQVV3QXdFQi96QWRCZ05WSFE0RUZnUVVQR2htQ1RyaGFPV0VyZXNHK3dlUS9YaUtRVkF3RFFZSgpLb1pJaHZjTkFRRUxCUUFEZ2dHQkFGVVdScERhSXZ1dlNnNzh4TjlpTHJXOW9GeWg3NUNKZXN3c0NjWndhT2V5CkJpZ1JJQ1lFdHZoY1ZmbkpEK0d2MThhaStxYit1VkdQMnYxRE4za2wvNFl3c003Tms0alNrbVFpYWFoZ1IzbGwKZFRQbk1MRWw4RzN3dUNCU2hDWjByUGphZHdicHVpaFJFbGpIYlR0M3J2THZRZkt6TFBNWFQxTmUyZHE0K0JkZQpqcWIrVjl2bGQvRlRiM0RBdDBCTEhlOGtiR1ZWR1JGQS9hTXRzT0hiajg3NzFwZnM5NG9Gdjc4N2lHbkZ3Q2dFCkRIOG56MmxoWGN1MEorbXlTbEwxbnFGYy9KTDBXeHErUHF6OU8yUUErTC9NUDNaNE1ZeGI3eFVSSVpZUHFqYmgKRGtLTnkyeUVYQ3JJR1pCYXlFTU94T1hURGhxd2RNUmlPTi9qS0tsbThsdHFmS09GZEZKbjNOSXJ5Yis3TEtxSApyVldRVTJFa2lzNW8zWVU1aXFYTnh1MWRmSnhYL0t5eTVrMjJBM3hySzhMSEVyamt1WnpWZjljZjNSQ1hCUXUxCmhTQ2EvRDE5aFU4RWQ0YXkrNzRBV3hnQmJqY3lvYndMWXMyb2MvM1JFVFphL2FLYzRNMFZEL1hTVEhQNDdDcC8KUzZDZ1FzNEpIMzQwWmV1aDVHUUNBQT09Ci0tLS0tRU5EIENFUlRJRklDQVRFLS0tLS0K",
                "password": "",
                "username": ""
              }
            ],
            "master_authorized_networks_config": [],
            "master_version": "1.25.8-gke.1000",
            "min_master_version": null,
            "monitoring_service": "monitoring.googleapis.com/kubernetes",
            "name": "pet-clinic",
            "network": "projects/kim-hyebin/global/networks/network-pet-clinic",
            "network_policy": [
              {
                "enabled": true,
                "provider": ""
              }
            ],
            "node_config": [],
            "node_locations": [
              "europe-west1-b",
              "europe-west1-c",
              "europe-west1-d"
            ],
            "node_pool": [],
            "node_version": "1.25.8-gke.1000",
            "operation": null,
            "pod_security_policy_config": [],
            "private_cluster_config": [
              {
                "enable_private_endpoint": false,
                "enable_private_nodes": false,
                "master_ipv4_cidr_block": "",
                "peering_name": "",
                "private_endpoint": "10.10.0.15",
                "public_endpoint": "104.199.72.199"
              }
            ],
            "project": "kim-hyebin",
            "release_channel": [
              {
                "channel": "STABLE"
              }
            ],
            "remove_default_node_pool": true,
            "resource_labels": null,
            "resource_usage_export_config": [],
            "self_link": "https://container.googleapis.com/v1beta1/projects/kim-hyebin/locations/europe-west1/clusters/pet-clinic",
            "services_ipv4_cidr": "10.102.0.0/16",
            "subnetwork": "projects/kim-hyebin/regions/europe-west1/subnetworks/network-pet-clinic--subnet",
            "timeouts": null,
            "vertical_pod_autoscaling": [],
            "workload_identity_config": [
              {
                "identity_namespace": "kim-hyebin.svc.id.goog"
              }
            ]
          },
          "sensitive_attributes": [],
          "private": "eyJlMmJmYjczMC1lY2FhLTExZTYtOGY4OC0zNDM2M2JjN2M0YzAiOnsiY3JlYXRlIjoyNDAwMDAwMDAwMDAwLCJkZWxldGUiOjI0MDAwMDAwMDAwMDAsInJlYWQiOjI0MDAwMDAwMDAwMDAsInVwZGF0ZSI6MzYwMDAwMDAwMDAwMH0sInNjaGVtYV92ZXJzaW9uIjoiMSJ9",
          "dependencies": [
            "module.google_networks.google_compute_network.vpc",
            "module.google_networks.google_compute_subnetwork.subnet"
          ]
        }
      ]
    },
    {
      "module": "module.google_kubernetes_cluster",
      "mode": "managed",
      "type": "google_container_node_pool",
      "name": "pet_clinic_linux_node_pool",
      "provider": "provider[\"registry.terraform.io/hashicorp/google\"]",
      "instances": [
        {
          "schema_version": 1,
          "attributes": {
            "autoscaling": [
              {
                "max_node_count": 20,
                "min_node_count": 20
              }
            ],
            "cluster": "pet-clinic",
            "id": "projects/kim-hyebin/locations/europe-west1/clusters/pet-clinic/nodePools/pet-clinic--linux-node-pool",
            "initial_node_count": 3,
            "instance_group_urls": [
              "https://www.googleapis.com/compute/v1/projects/kim-hyebin/zones/europe-west1-b/instanceGroupManagers/gke-pet-clinic-pet-clinic--linux-node-77902c82-grp"
            ],
            "location": "europe-west1",
            "management": [
              {
                "auto_repair": true,
                "auto_upgrade": true
              }
            ],
            "max_pods_per_node": 100,
            "name": "pet-clinic--linux-node-pool",
            "name_prefix": "",
            "node_config": [
              {
                "disk_size_gb": 50,
                "disk_type": "pd-balanced",
                "guest_accelerator": [],
                "image_type": "COS_CONTAINERD",
                "labels": {
                  "cluster": "pet-clinic"
                },
                "local_ssd_count": 0,
                "machine_type": "e2-medium",
                "metadata": {
                  "disable-legacy-endpoints": "true",
                  "google-compute-enable-virtio-rng": "true"
                },
                "min_cpu_platform": "",
                "oauth_scopes": [
                  "https://www.googleapis.com/auth/devstorage.read_only",
                  "https://www.googleapis.com/auth/logging.write",
                  "https://www.googleapis.com/auth/monitoring",
                  "https://www.googleapis.com/auth/service.management.readonly",
                  "https://www.googleapis.com/auth/servicecontrol",
                  "https://www.googleapis.com/auth/trace.append"
                ],
                "preemptible": true,
                "service_account": "277299303125-compute@developer.gserviceaccount.com",
                "shielded_instance_config": [
                  {
                    "enable_integrity_monitoring": true,
                    "enable_secure_boot": true
                  }
                ],
                "tags": null,
                "taint": [],
                "workload_metadata_config": [
                  {
                    "node_metadata": "GKE_METADATA_SERVER"
                  }
                ]
              }
            ],
            "node_count": 3,
            "node_locations": [
              "europe-west1-b"
            ],
            "project": "kim-hyebin",
            "timeouts": null,
            "upgrade_settings": [
              {
                "max_surge": 10,
                "max_unavailable": 10
              }
            ],
            "version": "1.25.8-gke.1000"
          },
          "sensitive_attributes": [],
          "private": "eyJlMmJmYjczMC1lY2FhLTExZTYtOGY4OC0zNDM2M2JjN2M0YzAiOnsiY3JlYXRlIjoxODAwMDAwMDAwMDAwLCJkZWxldGUiOjE4MDAwMDAwMDAwMDAsInVwZGF0ZSI6MTgwMDAwMDAwMDAwMH0sInNjaGVtYV92ZXJzaW9uIjoiMSJ9",
          "dependencies": [
            "module.google_kubernetes_cluster.google_container_cluster.pet_clinic",
            "module.google_networks.google_compute_network.vpc",
            "module.google_networks.google_compute_subnetwork.subnet"
          ]
        }
      ]
    },
    {
      "module": "module.google_kubernetes_cluster",
      "mode": "managed",
      "type": "google_sql_database",
      "name": "db_customers",
      "provider": "provider[\"registry.terraform.io/hashicorp/google\"]",
      "instances": []
    },
    {
      "module": "module.google_kubernetes_cluster",
      "mode": "managed",
      "type": "google_sql_database",
      "name": "db_vets",
      "provider": "provider[\"registry.terraform.io/hashicorp/google\"]",
      "instances": []
    },
    {
      "module": "module.google_kubernetes_cluster",
      "mode": "managed",
      "type": "google_sql_database",
      "name": "db_visits",
      "provider": "provider[\"registry.terraform.io/hashicorp/google\"]",
      "instances": []
    },
    {
      "module": "module.google_networks",
      "mode": "managed",
      "type": "google_compute_network",
      "name": "vpc",
      "provider": "provider[\"registry.terraform.io/hashicorp/google\"]",
      "instances": [
        {
          "schema_version": 0,
          "attributes": {
            "auto_create_subnetworks": false,
            "delete_default_routes_on_create": true,
            "description": "",
            "gateway_ipv4": "",
            "id": "projects/kim-hyebin/global/networks/network-pet-clinic",
            "mtu": 0,
            "name": "network-pet-clinic",
            "project": "kim-hyebin",
            "routing_mode": "GLOBAL",
            "self_link": "https://www.googleapis.com/compute/v1/projects/kim-hyebin/global/networks/network-pet-clinic",
            "timeouts": null
          },
          "sensitive_attributes": [],
          "private": "eyJlMmJmYjczMC1lY2FhLTExZTYtOGY4OC0zNDM2M2JjN2M0YzAiOnsiY3JlYXRlIjoyNDAwMDAwMDAwMDAsImRlbGV0ZSI6MjQwMDAwMDAwMDAwLCJ1cGRhdGUiOjI0MDAwMDAwMDAwMH19"
        }
      ]
    },
    {
      "module": "module.google_networks",
      "mode": "managed",
      "type": "google_compute_route",
      "name": "egress_internet",
      "provider": "provider[\"registry.terraform.io/hashicorp/google\"]",
      "instances": [
        {
          "schema_version": 0,
          "attributes": {
            "description": "",
            "dest_range": "0.0.0.0/0",
            "id": "projects/kim-hyebin/global/routes/egress-internet",
            "name": "egress-internet",
            "network": "https://www.googleapis.com/compute/v1/projects/kim-hyebin/global/networks/network-pet-clinic",
            "next_hop_gateway": "https://www.googleapis.com/compute/v1/projects/kim-hyebin/global/gateways/default-internet-gateway",
            "next_hop_ilb": "",
            "next_hop_instance": "",
            "next_hop_instance_zone": null,
            "next_hop_ip": "",
            "next_hop_network": "",
            "next_hop_vpn_tunnel": "",
            "priority": 1000,
            "project": "kim-hyebin",
            "self_link": "https://www.googleapis.com/compute/v1/projects/kim-hyebin/global/routes/egress-internet",
            "tags": [],
            "timeouts": null
          },
          "sensitive_attributes": [],
          "private": "eyJlMmJmYjczMC1lY2FhLTExZTYtOGY4OC0zNDM2M2JjN2M0YzAiOnsiY3JlYXRlIjoyNDAwMDAwMDAwMDAsImRlbGV0ZSI6MjQwMDAwMDAwMDAwfX0=",
          "dependencies": [
            "module.google_networks.google_compute_network.vpc"
          ]
        }
      ]
    },
    {
      "module": "module.google_networks",
      "mode": "managed",
      "type": "google_compute_router",
      "name": "router",
      "provider": "provider[\"registry.terraform.io/hashicorp/google\"]",
      "instances": [
        {
          "schema_version": 0,
          "attributes": {
            "bgp": [],
            "creation_timestamp": "2023-07-12T15:57:21.877-07:00",
            "description": "",
            "id": "projects/kim-hyebin/regions/europe-west1/routers/network-pet-clinic-router",
            "name": "network-pet-clinic-router",
            "network": "https://www.googleapis.com/compute/v1/projects/kim-hyebin/global/networks/network-pet-clinic",
            "project": "kim-hyebin",
            "region": "europe-west1",
            "self_link": "https://www.googleapis.com/compute/v1/projects/kim-hyebin/regions/europe-west1/routers/network-pet-clinic-router",
            "timeouts": null
          },
          "sensitive_attributes": [],
          "private": "eyJlMmJmYjczMC1lY2FhLTExZTYtOGY4OC0zNDM2M2JjN2M0YzAiOnsiY3JlYXRlIjoyNDAwMDAwMDAwMDAsImRlbGV0ZSI6MjQwMDAwMDAwMDAwLCJ1cGRhdGUiOjI0MDAwMDAwMDAwMH19",
          "dependencies": [
            "module.google_networks.google_compute_network.vpc",
            "module.google_networks.google_compute_subnetwork.subnet"
          ]
        }
      ]
    },
    {
      "module": "module.google_networks",
      "mode": "managed",
      "type": "google_compute_router_nat",
      "name": "nat_router",
      "provider": "provider[\"registry.terraform.io/hashicorp/google\"]",
      "instances": [
        {
          "schema_version": 0,
          "attributes": {
            "drain_nat_ips": null,
            "icmp_idle_timeout_sec": 30,
            "id": "kim-hyebin/europe-west1/network-pet-clinic-router/network-pet-clinic--subnet-nat-router",
            "log_config": [
              {
                "enable": true,
                "filter": "ERRORS_ONLY"
              }
            ],
            "min_ports_per_vm": 0,
            "name": "network-pet-clinic--subnet-nat-router",
            "nat_ip_allocate_option": "AUTO_ONLY",
            "nat_ips": null,
            "project": "kim-hyebin",
            "region": "europe-west1",
            "router": "network-pet-clinic-router",
            "source_subnetwork_ip_ranges_to_nat": "LIST_OF_SUBNETWORKS",
            "subnetwork": [
              {
                "name": "network-pet-clinic--subnet",
                "secondary_ip_range_names": [],
                "source_ip_ranges_to_nat": [
                  "ALL_IP_RANGES"
                ]
              }
            ],
            "tcp_established_idle_timeout_sec": 1200,
            "tcp_transitory_idle_timeout_sec": 30,
            "timeouts": null,
            "udp_idle_timeout_sec": 30
          },
          "sensitive_attributes": [],
          "private": "eyJlMmJmYjczMC1lY2FhLTExZTYtOGY4OC0zNDM2M2JjN2M0YzAiOnsiY3JlYXRlIjo2MDAwMDAwMDAwMDAsImRlbGV0ZSI6NjAwMDAwMDAwMDAwLCJ1cGRhdGUiOjYwMDAwMDAwMDAwMH19",
          "dependencies": [
            "module.google_networks.google_compute_network.vpc",
            "module.google_networks.google_compute_router.router",
            "module.google_networks.google_compute_subnetwork.subnet"
          ]
        }
      ]
    },
    {
      "module": "module.google_networks",
      "mode": "managed",
      "type": "google_compute_subnetwork",
      "name": "subnet",
      "provider": "provider[\"registry.terraform.io/hashicorp/google\"]",
      "instances": [
        {
          "schema_version": 0,
          "attributes": {
            "creation_timestamp": "2023-07-12T15:23:06.552-07:00",
            "description": "",
            "fingerprint": null,
            "gateway_address": "10.10.0.1",
            "id": "projects/kim-hyebin/regions/europe-west1/subnetworks/network-pet-clinic--subnet",
            "ip_cidr_range": "10.10.0.0/16",
            "log_config": [],
            "name": "network-pet-clinic--subnet",
            "network": "https://www.googleapis.com/compute/v1/projects/kim-hyebin/global/networks/network-pet-clinic",
            "private_ip_google_access": true,
            "private_ipv6_google_access": "DISABLE_GOOGLE_ACCESS",
            "project": "kim-hyebin",
            "region": "europe-west1",
            "secondary_ip_range": [],
            "self_link": "https://www.googleapis.com/compute/v1/projects/kim-hyebin/regions/europe-west1/subnetworks/network-pet-clinic--subnet",
            "timeouts": null
          },
          "sensitive_attributes": [],
          "private": "eyJlMmJmYjczMC1lY2FhLTExZTYtOGY4OC0zNDM2M2JjN2M0YzAiOnsiY3JlYXRlIjozNjAwMDAwMDAwMDAsImRlbGV0ZSI6MzYwMDAwMDAwMDAwLCJ1cGRhdGUiOjM2MDAwMDAwMDAwMH19",
          "dependencies": [
            "module.google_networks.google_compute_network.vpc"
          ]
        }
      ]
    }
  ],
  "check_results": null
}
