{
  "version": 4,
  "terraform_version": "1.5.1",
  "serial": 13,
  "lineage": "af48f34b-8c7f-5159-0a95-26719318ba35",
  "outputs": {},
  "resources": [
    {
      "module": "module.bastion",
      "mode": "data",
      "type": "template_file",
      "name": "startup_script",
      "provider": "provider[\"registry.terraform.io/hashicorp/template\"]",
      "instances": [
        {
          "schema_version": 0,
          "attributes": {
            "filename": null,
            "id": "5342018eb1c9e1064c7484cc318ec9b657db7cf30d11973012b6b4bbdb6acad7",
            "rendered": "sudo apt-get update -y\nsudo apt-get install -y tinyproxy\n",
            "template": "sudo apt-get update -y\nsudo apt-get install -y tinyproxy\n",
            "vars": null
          },
          "sensitive_attributes": []
        }
      ]
    },
    {
      "module": "module.bastion",
      "mode": "managed",
      "type": "google_compute_firewall",
      "name": "bastion-ssh",
      "provider": "provider[\"registry.terraform.io/hashicorp/google\"]",
      "instances": [
        {
          "schema_version": 1,
          "attributes": {
            "allow": [
              {
                "ports": [
                  "22"
                ],
                "protocol": "tcp"
              }
            ],
            "creation_timestamp": "2023-07-12T15:23:06.129-07:00",
            "deny": [],
            "description": "",
            "destination_ranges": [],
            "direction": "INGRESS",
            "disabled": false,
            "enable_logging": null,
            "id": "projects/kim-hyebin/global/firewalls/app-cluster-bastion-ssh",
            "log_config": [],
            "name": "app-cluster-bastion-ssh",
            "network": "https://www.googleapis.com/compute/v1/projects/kim-hyebin/global/networks/network-pet-clinic",
            "priority": 1000,
            "project": "kim-hyebin",
            "self_link": "https://www.googleapis.com/compute/v1/projects/kim-hyebin/global/firewalls/app-cluster-bastion-ssh",
            "source_ranges": [
              "0.0.0.0/0"
            ],
            "source_service_accounts": null,
            "source_tags": null,
            "target_service_accounts": null,
            "target_tags": [
              "bastion"
            ],
            "timeouts": null
          },
          "sensitive_attributes": [],
          "private": "eyJlMmJmYjczMC1lY2FhLTExZTYtOGY4OC0zNDM2M2JjN2M0YzAiOnsiY3JlYXRlIjoyNDAwMDAwMDAwMDAsImRlbGV0ZSI6MjQwMDAwMDAwMDAwLCJ1cGRhdGUiOjI0MDAwMDAwMDAwMH0sInNjaGVtYV92ZXJzaW9uIjoiMSJ9",
          "dependencies": [
            "module.google_networks.google_compute_network.vpc"
          ]
        }
      ]
    },
    {
      "module": "module.bastion",
      "mode": "managed",
      "type": "google_compute_instance",
      "name": "bastion",
      "provider": "provider[\"registry.terraform.io/hashicorp/google\"]",
      "instances": []
    },
    {
      "module": "module.google_kubernetes_cluster",
      "mode": "managed",
      "type": "google_container_cluster",
      "name": "pet_clinic",
      "provider": "provider[\"registry.terraform.io/hashicorp/google\"]",
      "instances": [
        {
          "schema_version": 1,
          "attributes": {
            "addons_config": [
              {
                "cloudrun_config": [],
                "horizontal_pod_autoscaling": [],
                "http_load_balancing": [],
                "network_policy_config": [
                  {
                    "disabled": false
                  }
                ]
              }
            ],
            "authenticator_groups_config": [],
            "cluster_autoscaling": [
              {
                "auto_provisioning_defaults": [],
                "enabled": false,
                "resource_limits": []
              }
            ],
            "cluster_ipv4_cidr": "10.101.0.0/16",
            "database_encryption": [
              {
                "key_name": "",
                "state": "DECRYPTED"
              }
            ],
            "default_max_pods_per_node": 110,
            "description": "",
            "enable_binary_authorization": false,
            "enable_intranode_visibility": null,
            "enable_kubernetes_alpha": false,
            "enable_legacy_abac": false,
            "enable_shielded_nodes": false,
            "enable_tpu": null,
            "endpoint": "35.233.101.103",
            "id": "projects/kim-hyebin/locations/europe-west1/clusters/pet-clinic",
            "initial_node_count": 3,
            "instance_group_urls": [],
            "ip_allocation_policy": [
              {
                "cluster_ipv4_cidr_block": "10.101.0.0/16",
                "cluster_secondary_range_name": "gke-pet-clinic-pods-809f95fe",
                "services_ipv4_cidr_block": "10.102.0.0/16",
                "services_secondary_range_name": "gke-pet-clinic-services-809f95fe"
              }
            ],
            "label_fingerprint": "a9dc16a7",
            "location": "europe-west1",
            "logging_service": "logging.googleapis.com/kubernetes",
            "maintenance_policy": [
              {
                "daily_maintenance_window": [
                  {
                    "duration": "PT4H0M0S",
                    "start_time": "02:00"
                  }
                ],
                "maintenance_exclusion": [],
                "recurring_window": []
              }
            ],
            "master_auth": [
              {
                "client_certificate": "",
                "client_certificate_config": [
                  {
                    "issue_client_certificate": false
                  }
                ],
                "client_key": "",
                "cluster_ca_certificate": "LS0tLS1CRUdJTiBDRVJUSUZJQ0FURS0tLS0tCk1JSUVMVENDQXBXZ0F3SUJBZ0lSQUpwSDlBQktlYjhGbVAvQmMzYWdKZkV3RFFZSktvWklodmNOQVFFTEJRQXcKTHpFdE1Dc0dBMVVFQXhNa1pHWXdZVE01TnpNdE1qVXhNUzAwT0RrMUxXSTJPVEF0WXpjeU1UTTNOelUwTldRdwpNQ0FYRFRJek1EY3hNakl4TWpNeU9Gb1lEekl3TlRNd056QTBNakl5TXpJNFdqQXZNUzB3S3dZRFZRUURFeVJrClpqQmhNemszTXkweU5URXhMVFE0T1RVdFlqWTVNQzFqTnpJeE16YzNOVFExWkRBd2dnR2lNQTBHQ1NxR1NJYjMKRFFFQkFRVUFBNElCandBd2dnR0tBb0lCZ1FDOGZEU0lmT1J4NFRkYXlsa3hua0Z3Ny9DeDJzbmp0RG5UMlkzLwp3OCtpTEFENVRGUk9jREJteGhFaVYzcGJLRkN1MDZUeWFBZmtSQ2xxOUVVWmZDdmY4c09sT3VCeEsxQjhkdzV3CnE4VVdRTno0K2gzRGsxd2dlVU9KQmZoTTRhZWRYUmc3MGQ3d1VqTHpaRE1hcXhyMWROekNHZ3lNaVMxeGV0bE8KKzRhMkxIYklLRFhLd09qcEo0L05WSUg2Ni91d3dUdjFZR0xvazVqVVZ5V3RhcnUySWc4Y2tDWTBWTGtzOGhNVApkL2Rva3lVWlhDanB5OXg1UE5tbWxqOGIzWkxKYUVHK1g4eTY3NjFSZVNZeEVxcmUxcG5ndmFzdDJCODBCTUhmCjVxWlIwd1o3anhvR3JRMXR2c1YrMXpHaFJNeTNpcmhJT1Z3VE9DN2Q4bithMmpSTVJYN1pHcVRQQmFBMWRIM2wKV3BHYjlYUWtOdGNzMytoU1Y4bjhhQ1RaYjl2anlqQmozZXI0Z1BMdENaeHllVkZxdTlub3FVUFBGZG1nRitRYgp5b0MxMElJVGE0RGFNKy9XbHNCR05UNGNFckpBcUk2Q0xsRHpjYTNPREtBN0c1T09CcUxOektubkd5S1FTYlZ6CmtnVWJkTG1heUdKRktYc3NCZGowQ1FxdHdBc0NBd0VBQWFOQ01FQXdEZ1lEVlIwUEFRSC9CQVFEQWdJRU1BOEcKQTFVZEV3RUIvd1FGTUFNQkFmOHdIUVlEVlIwT0JCWUVGSGJXdEg4WGhRWUxTYk5qVlZDNUlseWNNMkJPTUEwRwpDU3FHU0liM0RRRUJDd1VBQTRJQmdRQkFMRFREcDRXYnFleVlmTGNsQ0dSUndhWTlEU0FNRTFYaVk0NWpZZXBlCmg5TmowSHFiU21rTkQxL3NQbWFobWJ2Wi9YQ2NmejFiK3J0N1dPWXplQXJHRzlFdk00WjVVOFJyanhaazIyU1QKQ01ZK3VqOGZndndTZFVpd0NZYSt3ZzlkOFdoVFAyTDFuK3NZSDJpY2NzOVh5dmRjMVRVdTg4dVhZdytPTDVXMAo0eVc1SEs5M0w1a3FWamNjZXJLazUyNGJ4V2xtakpqQS91QzBhSUUrM1dDemZYVlJiM2NOUHI4TVJvaWs5dGZBCklMVnp0eTFjbTlpRGI3ZFNHTDRzcUpIRk1taWZ4NmpNUjZsNzU0MzZUa0pKbTRmalJjKzNFRUF3dTdrNGxDMDYKTE5mYnJVR2JSZHFYV29Nd292bFZ6NTB0WGxSRVI1b3U2dndBQkhrTGtXeituYzd3c0NMcjBnazNyWHdMUVY2Vgp2VWk0TG9sZFg2K3BQcTRFU3N3QldwdFZyazZham81K1Q4Wis3eDlSa2Nybm9iajRsamkrbCtEM0dmNlNGQXdkCi84Q0RjdXllWDIrdGtOMEJ1b2Q5aUZrR2F4c1RwT0g0TzI5N2FoNXdXZFNDcjllTzBzd2xRZjZJTitxcDRkSHAKRmswSlI1aGxyNHI2QmwxREdGSjZYVTg9Ci0tLS0tRU5EIENFUlRJRklDQVRFLS0tLS0K",
                "password": "",
                "username": ""
              }
            ],
            "master_authorized_networks_config": [],
            "master_version": "1.25.8-gke.1000",
            "min_master_version": null,
            "monitoring_service": "monitoring.googleapis.com/kubernetes",
            "name": "pet-clinic",
            "network": "projects/kim-hyebin/global/networks/network-pet-clinic",
            "network_policy": [
              {
                "enabled": true,
                "provider": ""
              }
            ],
            "node_config": [],
            "node_locations": [
              "europe-west1-b",
              "europe-west1-c",
              "europe-west1-d"
            ],
            "node_pool": [],
            "node_version": "1.25.8-gke.1000",
            "operation": null,
            "pod_security_policy_config": [],
            "private_cluster_config": [
              {
                "enable_private_endpoint": false,
                "enable_private_nodes": false,
                "master_ipv4_cidr_block": "",
                "peering_name": "",
                "private_endpoint": "10.10.0.2",
                "public_endpoint": "35.233.101.103"
              }
            ],
            "project": "kim-hyebin",
            "release_channel": [
              {
                "channel": "STABLE"
              }
            ],
            "remove_default_node_pool": true,
            "resource_labels": null,
            "resource_usage_export_config": [],
            "self_link": "https://container.googleapis.com/v1beta1/projects/kim-hyebin/locations/europe-west1/clusters/pet-clinic",
            "services_ipv4_cidr": "10.102.0.0/16",
            "subnetwork": "projects/kim-hyebin/regions/europe-west1/subnetworks/network-pet-clinic--subnet",
            "timeouts": null,
            "vertical_pod_autoscaling": [],
            "workload_identity_config": [
              {
                "identity_namespace": "kim-hyebin.svc.id.goog"
              }
            ]
          },
          "sensitive_attributes": [],
          "private": "eyJlMmJmYjczMC1lY2FhLTExZTYtOGY4OC0zNDM2M2JjN2M0YzAiOnsiY3JlYXRlIjoyNDAwMDAwMDAwMDAwLCJkZWxldGUiOjI0MDAwMDAwMDAwMDAsInJlYWQiOjI0MDAwMDAwMDAwMDAsInVwZGF0ZSI6MzYwMDAwMDAwMDAwMH0sInNjaGVtYV92ZXJzaW9uIjoiMSJ9",
          "dependencies": [
            "module.google_networks.google_compute_network.vpc",
            "module.google_networks.google_compute_subnetwork.subnet"
          ]
        }
      ]
    },
    {
      "module": "module.google_kubernetes_cluster",
      "mode": "managed",
      "type": "google_container_node_pool",
      "name": "pet_clinic_linux_node_pool",
      "provider": "provider[\"registry.terraform.io/hashicorp/google\"]",
      "instances": [
        {
          "schema_version": 1,
          "attributes": {
            "autoscaling": [
              {
                "max_node_count": 20,
                "min_node_count": 20
              }
            ],
            "cluster": "pet-clinic",
            "id": "projects/kim-hyebin/locations/europe-west1/clusters/pet-clinic/nodePools/pet-clinic--linux-node-pool",
            "initial_node_count": 3,
            "instance_group_urls": [
              "https://www.googleapis.com/compute/v1/projects/kim-hyebin/zones/europe-west1-b/instanceGroupManagers/gke-pet-clinic-pet-clinic--linux-node-0076ba84-grp"
            ],
            "location": "europe-west1",
            "management": [
              {
                "auto_repair": true,
                "auto_upgrade": true
              }
            ],
            "max_pods_per_node": 100,
            "name": "pet-clinic--linux-node-pool",
            "name_prefix": "",
            "node_config": [
              {
                "disk_size_gb": 50,
                "disk_type": "pd-balanced",
                "guest_accelerator": [],
                "image_type": "COS_CONTAINERD",
                "labels": {
                  "cluster": "pet-clinic"
                },
                "local_ssd_count": 0,
                "machine_type": "e2-medium",
                "metadata": {
                  "disable-legacy-endpoints": "true",
                  "google-compute-enable-virtio-rng": "true"
                },
                "min_cpu_platform": "",
                "oauth_scopes": [
                  "https://www.googleapis.com/auth/devstorage.read_only",
                  "https://www.googleapis.com/auth/logging.write",
                  "https://www.googleapis.com/auth/monitoring",
                  "https://www.googleapis.com/auth/service.management.readonly",
                  "https://www.googleapis.com/auth/servicecontrol",
                  "https://www.googleapis.com/auth/trace.append"
                ],
                "preemptible": true,
                "service_account": "277299303125-compute@developer.gserviceaccount.com",
                "shielded_instance_config": [
                  {
                    "enable_integrity_monitoring": true,
                    "enable_secure_boot": true
                  }
                ],
                "tags": null,
                "taint": [],
                "workload_metadata_config": [
                  {
                    "node_metadata": "GKE_METADATA_SERVER"
                  }
                ]
              }
            ],
            "node_count": 3,
            "node_locations": [
              "europe-west1-b"
            ],
            "project": "kim-hyebin",
            "timeouts": null,
            "upgrade_settings": [
              {
                "max_surge": 10,
                "max_unavailable": 10
              }
            ],
            "version": "1.25.8-gke.1000"
          },
          "sensitive_attributes": [],
          "private": "eyJlMmJmYjczMC1lY2FhLTExZTYtOGY4OC0zNDM2M2JjN2M0YzAiOnsiY3JlYXRlIjoxODAwMDAwMDAwMDAwLCJkZWxldGUiOjE4MDAwMDAwMDAwMDAsInVwZGF0ZSI6MTgwMDAwMDAwMDAwMH0sInNjaGVtYV92ZXJzaW9uIjoiMSJ9",
          "dependencies": [
            "module.google_kubernetes_cluster.google_container_cluster.pet_clinic",
            "module.google_networks.google_compute_network.vpc",
            "module.google_networks.google_compute_subnetwork.subnet"
          ]
        }
      ]
    },
    {
      "module": "module.google_kubernetes_cluster",
      "mode": "managed",
      "type": "google_sql_database",
      "name": "db_customers",
      "provider": "provider[\"registry.terraform.io/hashicorp/google\"]",
      "instances": []
    },
    {
      "module": "module.google_kubernetes_cluster",
      "mode": "managed",
      "type": "google_sql_database",
      "name": "db_vets",
      "provider": "provider[\"registry.terraform.io/hashicorp/google\"]",
      "instances": []
    },
    {
      "module": "module.google_kubernetes_cluster",
      "mode": "managed",
      "type": "google_sql_database",
      "name": "db_visits",
      "provider": "provider[\"registry.terraform.io/hashicorp/google\"]",
      "instances": []
    },
    {
      "module": "module.google_networks",
      "mode": "managed",
      "type": "google_compute_network",
      "name": "vpc",
      "provider": "provider[\"registry.terraform.io/hashicorp/google\"]",
      "instances": [
        {
          "schema_version": 0,
          "attributes": {
            "auto_create_subnetworks": false,
            "delete_default_routes_on_create": true,
            "description": "",
            "gateway_ipv4": "",
            "id": "projects/kim-hyebin/global/networks/network-pet-clinic",
            "mtu": 0,
            "name": "network-pet-clinic",
            "project": "kim-hyebin",
            "routing_mode": "GLOBAL",
            "self_link": "https://www.googleapis.com/compute/v1/projects/kim-hyebin/global/networks/network-pet-clinic",
            "timeouts": null
          },
          "sensitive_attributes": [],
          "private": "eyJlMmJmYjczMC1lY2FhLTExZTYtOGY4OC0zNDM2M2JjN2M0YzAiOnsiY3JlYXRlIjoyNDAwMDAwMDAwMDAsImRlbGV0ZSI6MjQwMDAwMDAwMDAwLCJ1cGRhdGUiOjI0MDAwMDAwMDAwMH19"
        }
      ]
    },
    {
      "module": "module.google_networks",
      "mode": "managed",
      "type": "google_compute_route",
      "name": "egress_internet",
      "provider": "provider[\"registry.terraform.io/hashicorp/google\"]",
      "instances": [
        {
          "schema_version": 0,
          "attributes": {
            "description": "",
            "dest_range": "0.0.0.0/0",
            "id": "projects/kim-hyebin/global/routes/egress-internet",
            "name": "egress-internet",
            "network": "https://www.googleapis.com/compute/v1/projects/kim-hyebin/global/networks/network-pet-clinic",
            "next_hop_gateway": "https://www.googleapis.com/compute/v1/projects/kim-hyebin/global/gateways/default-internet-gateway",
            "next_hop_ilb": "",
            "next_hop_instance": "",
            "next_hop_instance_zone": null,
            "next_hop_ip": "",
            "next_hop_network": "",
            "next_hop_vpn_tunnel": "",
            "priority": 1000,
            "project": "kim-hyebin",
            "self_link": "https://www.googleapis.com/compute/v1/projects/kim-hyebin/global/routes/egress-internet",
            "tags": null,
            "timeouts": null
          },
          "sensitive_attributes": [],
          "private": "eyJlMmJmYjczMC1lY2FhLTExZTYtOGY4OC0zNDM2M2JjN2M0YzAiOnsiY3JlYXRlIjoyNDAwMDAwMDAwMDAsImRlbGV0ZSI6MjQwMDAwMDAwMDAwfX0=",
          "dependencies": [
            "module.google_networks.google_compute_network.vpc"
          ]
        }
      ]
    },
    {
      "module": "module.google_networks",
      "mode": "managed",
      "type": "google_compute_router",
      "name": "router",
      "provider": "provider[\"registry.terraform.io/hashicorp/google\"]",
      "instances": [
        {
          "schema_version": 0,
          "attributes": {
            "bgp": [],
            "creation_timestamp": "2023-07-12T15:23:28.041-07:00",
            "description": "",
            "id": "projects/kim-hyebin/regions/europe-west1/routers/network-pet-clinic-router",
            "name": "network-pet-clinic-router",
            "network": "https://www.googleapis.com/compute/v1/projects/kim-hyebin/global/networks/network-pet-clinic",
            "project": "kim-hyebin",
            "region": "europe-west1",
            "self_link": "https://www.googleapis.com/compute/v1/projects/kim-hyebin/regions/europe-west1/routers/network-pet-clinic-router",
            "timeouts": null
          },
          "sensitive_attributes": [],
          "private": "eyJlMmJmYjczMC1lY2FhLTExZTYtOGY4OC0zNDM2M2JjN2M0YzAiOnsiY3JlYXRlIjoyNDAwMDAwMDAwMDAsImRlbGV0ZSI6MjQwMDAwMDAwMDAwLCJ1cGRhdGUiOjI0MDAwMDAwMDAwMH19",
          "dependencies": [
            "module.google_networks.google_compute_network.vpc",
            "module.google_networks.google_compute_subnetwork.subnet"
          ]
        }
      ]
    },
    {
      "module": "module.google_networks",
      "mode": "managed",
      "type": "google_compute_router_nat",
      "name": "nat_router",
      "provider": "provider[\"registry.terraform.io/hashicorp/google\"]",
      "instances": [
        {
          "schema_version": 0,
          "attributes": {
            "drain_nat_ips": null,
            "icmp_idle_timeout_sec": 30,
            "id": "kim-hyebin/europe-west1/network-pet-clinic-router/network-pet-clinic--subnet-nat-router",
            "log_config": [
              {
                "enable": true,
                "filter": "ERRORS_ONLY"
              }
            ],
            "min_ports_per_vm": 0,
            "name": "network-pet-clinic--subnet-nat-router",
            "nat_ip_allocate_option": "AUTO_ONLY",
            "nat_ips": null,
            "project": "kim-hyebin",
            "region": "europe-west1",
            "router": "network-pet-clinic-router",
            "source_subnetwork_ip_ranges_to_nat": "LIST_OF_SUBNETWORKS",
            "subnetwork": [
              {
                "name": "network-pet-clinic--subnet",
                "secondary_ip_range_names": [],
                "source_ip_ranges_to_nat": [
                  "ALL_IP_RANGES"
                ]
              }
            ],
            "tcp_established_idle_timeout_sec": 1200,
            "tcp_transitory_idle_timeout_sec": 30,
            "timeouts": null,
            "udp_idle_timeout_sec": 30
          },
          "sensitive_attributes": [],
          "private": "eyJlMmJmYjczMC1lY2FhLTExZTYtOGY4OC0zNDM2M2JjN2M0YzAiOnsiY3JlYXRlIjo2MDAwMDAwMDAwMDAsImRlbGV0ZSI6NjAwMDAwMDAwMDAwLCJ1cGRhdGUiOjYwMDAwMDAwMDAwMH19",
          "dependencies": [
            "module.google_networks.google_compute_network.vpc",
            "module.google_networks.google_compute_router.router",
            "module.google_networks.google_compute_subnetwork.subnet"
          ]
        }
      ]
    },
    {
      "module": "module.google_networks",
      "mode": "managed",
      "type": "google_compute_subnetwork",
      "name": "subnet",
      "provider": "provider[\"registry.terraform.io/hashicorp/google\"]",
      "instances": [
        {
          "schema_version": 0,
          "attributes": {
            "creation_timestamp": "2023-07-12T15:23:06.552-07:00",
            "description": "",
            "fingerprint": null,
            "gateway_address": "10.10.0.1",
            "id": "projects/kim-hyebin/regions/europe-west1/subnetworks/network-pet-clinic--subnet",
            "ip_cidr_range": "10.10.0.0/16",
            "log_config": [],
            "name": "network-pet-clinic--subnet",
            "network": "https://www.googleapis.com/compute/v1/projects/kim-hyebin/global/networks/network-pet-clinic",
            "private_ip_google_access": true,
            "private_ipv6_google_access": "DISABLE_GOOGLE_ACCESS",
            "project": "kim-hyebin",
            "region": "europe-west1",
            "secondary_ip_range": [],
            "self_link": "https://www.googleapis.com/compute/v1/projects/kim-hyebin/regions/europe-west1/subnetworks/network-pet-clinic--subnet",
            "timeouts": null
          },
          "sensitive_attributes": [],
          "private": "eyJlMmJmYjczMC1lY2FhLTExZTYtOGY4OC0zNDM2M2JjN2M0YzAiOnsiY3JlYXRlIjozNjAwMDAwMDAwMDAsImRlbGV0ZSI6MzYwMDAwMDAwMDAwLCJ1cGRhdGUiOjM2MDAwMDAwMDAwMH19",
          "dependencies": [
            "module.google_networks.google_compute_network.vpc"
          ]
        }
      ]
    }
  ],
  "check_results": null
}
